github.com/Netflix/go-env v0.0.0-20220526054621-78278af1949d h1:wvStE9wLpws31NiWUx+38wny1msZ/tm+eL5xmm4Y7So=
github.com/Netflix/go-env v0.0.0-20220526054621-78278af1949d/go.mod h1:9XMFaCeRyW7fC9XJOWQ+NdAv8VLG7ys7l3x4ozEGLUQ=
github.com/a-h/templ v0.2.316 h1:s52MtlmUG9vg2xDSWTR/cnc5VbukVjCJyNvprCNFp0Q=
github.com/a-h/templ v0.2.316/go.mod h1:3oc37WS5rpDvFGi6yeknvTKt50xCu67ywQsM43Wr4PU=
github.com/caarlos0/env/v9 v9.0.0 h1:SI6JNsOA+y5gj9njpgybykATIylrRMklbs5ch6wO6pc=
github.com/caarlos0/env/v9 v9.0.0/go.mod h1:ye5mlCVMYh6tZ+vCgrs/B95sj88cg5Tlnc0XIzgZ020=
github.com/go-chi/chi/v5 v5.0.10 h1:rLz5avzKpjqxrYwXNfmjkrYYXOyLJd37pz53UFHC6vk=
github.com/go-chi/chi/v5 v5.0.10/go.mod h1:DslCQbL2OYiznFReuXYUmQ2hGd1aDpCnlMNITLSKoi8=
github.com/go-faker/faker/v4 v4.1.1 h1:zkxj/JH/aezB4R6cTEMKU7qcVScGhlB3qRtF3D7K+rI=
github.com/go-faker/faker/v4 v4.1.1/go.mod h1:uuNc0PSRxF8nMgjGrrrU4Nw5cF30Jc6Kd0/FUTTYbhg=
github.com/google/go-cmp v0.5.9 h1:O2Tfq5qg4qc4AmwVlvv0oLiVAGB7enBSJ2x2DqQFi38=
github.com/maragudk/gomponents v0.20.1 h1:TeJY1fXEcfUvzmvjeUgxol42dvkYMggK1c0V67crWWs=
github.com/maragudk/gomponents v0.20.1/go.mod h1:nHkNnZL6ODgMBeJhrZjkMHVvNdoYsfmpKB2/hjdQ0Hg=
github.com/maragudk/gomponents-htmx v0.3.0 h1:TOTeMnRzW4ZwFWtgSy0n34iqxgKNSFpP/DI20OTCjeQ=
github.com/maragudk/gomponents-htmx v0.3.0/go.mod h1:XgI7WE6ECWlyeVQ9Ix3R6aoKS4HtCSYtuQ4iH27GVDE=
github.com/mattn/go-sqlite3 v1.14.17 h1:mCRHCLDUBXgpKAqIKsaAaAsrAlbkeomtRFKXh2L6YIM=
github.com/mattn/go-sqlite3 v1.14.17/go.mod h1:2eHXhiwb8IkHr+BDWZGa96P6+rkvnG63S2DGjv9HUNg=
golang.org/x/text v0.13.0 h1:ablQoSUd0tRdKxZewP80B+BaqeKJuVhuRxj/dkrun3k=
golang.org/x/text v0.13.0/go.mod h1:TvPlkZtksWOMsz7fbANvkp4WM8x/WCo/om8BMLbz+aE=
